{
  "version": 4,
  "terraform_version": "0.13.5",
  "serial": 1,
  "lineage": "78897568-d883-6093-bbed-05a893664a33",
  "outputs": {},
  "resources": [
    {
      "mode": "managed",
      "type": "azurerm_resource_group",
      "name": "rg",
      "provider": "provider[\"registry.terraform.io/hashicorp/azurerm\"]",
      "instances": [
        {
          "schema_version": 0,
          "attributes": {
            "id": "/subscriptions/1882a63d-569d-4d53-9a63-110b81792cfa/resourceGroups/terraform-azure-anibal25139-rg",
            "location": "eastus",
            "name": "terraform-azure-anibal25139-rg",
            "tags": {
              "environment": "terraform-azure-anibal25139"
            },
            "timeouts": null
          },
          "private": "eyJlMmJmYjczMC1lY2FhLTExZTYtOGY4OC0zNDM2M2JjN2M0YzAiOnsiY3JlYXRlIjo1NDAwMDAwMDAwMDAwLCJkZWxldGUiOjU0MDAwMDAwMDAwMDAsInJlYWQiOjMwMDAwMDAwMDAwMCwidXBkYXRlIjo1NDAwMDAwMDAwMDAwfX0="
        }
      ]
    }
  ]
}
